
Microsoft Visual Studio Solution File, Format Version 12.00
# Visual Studio 2013
VisualStudioVersion = 12.0.21005.1
MinimumVisualStudioVersion = 10.0.40219.1
Project("{F184B08F-C81C-45F6-A57F-5ABD9991F28F}") = "Chapter 8", "Chapter 8\Chapter 8.vbproj", "{0ACC9EB8-5F64-4884-885A-A99133DA5D0C}"
EndProject
Global
	GlobalSection(SolutionConfigurationPlatforms) = preSolution
		Debug|Any CPU = Debug|Any CPU
		Release|Any CPU = Release|Any CPU
	EndGlobalSection
	GlobalSection(ProjectConfigurationPlatforms) = postSolution
		{0ACC9EB8-5F64-4884-885A-A99133DA5D0C}.Debug|Any CPU.ActiveCfg = Debug|Any CPU
		{0ACC9EB8-5F64-4884-885A-A99133DA5D0C}.Debug|Any CPU.Build.0 = Debug|Any CPU
		{0ACC9EB8-5F64-4884-885A-A99133DA5D0C}.Release|Any CPU.ActiveCfg = Release|Any CPU
		{0ACC9EB8-5F64-4884-885A-A99133DA5D0C}.Release|Any CPU.Build.0 = Release|Any CPU
	EndGlobalSection
	GlobalSection(SolutionProperties) = preSolution
		HideSolutionNode = FALSE
	EndGlobalSection
EndGlobal
